{
  "requires": true,
  "lockfileVersion": 1,
  "dependencies": {
    "node-abi": {
      "version": "2.19.3",
      "resolved": "https://registry.npmjs.org/node-abi/-/node-abi-2.19.3.tgz",
      "integrity": "sha512-9xZrlyfvKhWme2EXFKQhZRp1yNWT/uI1luYPr3sFl+H4keYY4xR+1jO7mvTTijIsHf1M+QDe9uWuKeEpLInIlg==",
      "requires": {
        "semver": "^5.4.1"
      }
    },
    "semver": {
      "version": "5.7.1",
      "resolved": "https://registry.npmjs.org/semver/-/semver-5.7.1.tgz",
      "integrity": "sha512-sauaDf/PZdVgrLTNYHRtpXa1iRiKcaebiKQ1BJdpQlWH2lCvexQdX55snPFyK7QzpudqbCI0qXFfOasHdyNDGQ=="
    }
  }
}
